PODS:
  - RxCocoa (2.2.0):
    - RxSwift (~> 2.2)
  - RxSwift (2.2.0)
  - SwiftyJSON (2.3.2)

DEPENDENCIES:
  - RxCocoa
  - RxSwift
  - SwiftyJSON

SPEC CHECKSUMS:
  RxCocoa: 42efb7a7145a8d1d5878e94ce48a580d29e0c796
  RxSwift: b8a749f2204c6c7a5c29b306a9c3bc11d5b87c5b
  SwiftyJSON: 04ccea08915aa0109039157c7974cf0298da292a

PODFILE CHECKSUM: 4aa32c552fbb77fc1743bcf2199c47a75abe14be

COCOAPODS: 1.0.0.beta.3
