<?xml version="1.0" encoding="UTF-8"?>
<!DOCTYPE plist PUBLIC "-//Apple//DTD PLIST 1.0//EN" "http://www.apple.com/DTDs/PropertyList-1.0.dtd">
<plist version="1.0">
<dict>
	<key>archiveVersion</key>
	<string>1</string>
	<key>classes</key>
	<dict/>
	<key>objectVersion</key>
	<string>46</string>
	<key>objects</key>
	<dict>
		<key>123698FF518845EDEF4D3866</key>
		<dict>
			<key>includeInIndex</key>
			<string>1</string>
			<key>isa</key>
			<string>PBXFileReference</string>
			<key>lastKnownFileType</key>
			<string>text.xcconfig</string>
			<key>name</key>
			<string>Pods-RxFlow.release.xcconfig</string>
			<key>path</key>
			<string>Pods/Target Support Files/Pods-RxFlow/Pods-RxFlow.release.xcconfig</string>
			<key>sourceTree</key>
			<string>&lt;group&gt;</string>
		</dict>
		<key>190147F89619D7690AE8111C</key>
		<dict>
			<key>explicitFileType</key>
			<string>wrapper.framework</string>
			<key>includeInIndex</key>
			<string>0</string>
			<key>isa</key>
			<string>PBXFileReference</string>
			<key>path</key>
			<string>Pods_RxFlowTests.framework</string>
			<key>sourceTree</key>
			<string>BUILT_PRODUCTS_DIR</string>
		</dict>
		<key>241B90E892D129E76FC8E936</key>
		<dict>
			<key>buildActionMask</key>
			<string>2147483647</string>
			<key>files</key>
			<array/>
			<key>inputPaths</key>
			<array/>
			<key>isa</key>
			<string>PBXShellScriptBuildPhase</string>
			<key>name</key>
			<string>Copy Pods Resources</string>
			<key>outputPaths</key>
			<array/>
			<key>runOnlyForDeploymentPostprocessing</key>
			<string>0</string>
			<key>shellPath</key>
			<string>/bin/sh</string>
			<key>shellScript</key>
			<string>"${SRCROOT}/Pods/Target Support Files/Pods-RxFlowTests/Pods-RxFlowTests-resources.sh"
</string>
			<key>showEnvVarsInLog</key>
			<string>0</string>
		</dict>
		<key>3D3EAB577C4ABDAA4765E47C</key>
		<dict>
			<key>buildActionMask</key>
			<string>2147483647</string>
			<key>files</key>
			<array/>
			<key>inputPaths</key>
			<array/>
			<key>isa</key>
			<string>PBXShellScriptBuildPhase</string>
			<key>name</key>
			<string>Check Pods Manifest.lock</string>
			<key>outputPaths</key>
			<array/>
			<key>runOnlyForDeploymentPostprocessing</key>
			<string>0</string>
			<key>shellPath</key>
			<string>/bin/sh</string>
			<key>shellScript</key>
			<string>diff "${PODS_ROOT}/../Podfile.lock" "${PODS_ROOT}/Manifest.lock" &gt; /dev/null
if [[ $? != 0 ]] ; then
    cat &lt;&lt; EOM
error: The sandbox is not in sync with the Podfile.lock. Run 'pod install' or update your CocoaPods installation.
EOM
    exit 1
fi
</string>
			<key>showEnvVarsInLog</key>
			<string>0</string>
		</dict>
		<key>430683B16FEA54CAE8A5561E</key>
		<dict>
			<key>buildActionMask</key>
			<string>2147483647</string>
			<key>files</key>
			<array/>
			<key>inputPaths</key>
			<array/>
			<key>isa</key>
			<string>PBXShellScriptBuildPhase</string>
			<key>name</key>
			<string>Embed Pods Frameworks</string>
			<key>outputPaths</key>
			<array/>
			<key>runOnlyForDeploymentPostprocessing</key>
			<string>0</string>
			<key>shellPath</key>
			<string>/bin/sh</string>
			<key>shellScript</key>
			<string>"${SRCROOT}/Pods/Target Support Files/Pods-RxFlowTests/Pods-RxFlowTests-frameworks.sh"
</string>
			<key>showEnvVarsInLog</key>
			<string>0</string>
		</dict>
		<key>4D44F3C479C23F8C2CE24004</key>
		<dict>
			<key>includeInIndex</key>
			<string>1</string>
			<key>isa</key>
			<string>PBXFileReference</string>
			<key>lastKnownFileType</key>
			<string>text.xcconfig</string>
			<key>name</key>
			<string>Pods-RxFlow.debug.xcconfig</string>
			<key>path</key>
			<string>Pods/Target Support Files/Pods-RxFlow/Pods-RxFlow.debug.xcconfig</string>
			<key>sourceTree</key>
			<string>&lt;group&gt;</string>
		</dict>
		<key>508DE7517922A751D16DCC7F</key>
		<dict>
			<key>fileRef</key>
			<string>A90A11E63874194EB26DF559</string>
			<key>isa</key>
			<string>PBXBuildFile</string>
		</dict>
		<key>52EF1F7FB347757A3FE517BF</key>
		<dict>
			<key>buildActionMask</key>
			<string>2147483647</string>
			<key>files</key>
			<array/>
			<key>inputPaths</key>
			<array/>
			<key>isa</key>
			<string>PBXShellScriptBuildPhase</string>
			<key>name</key>
			<string>Check Pods Manifest.lock</string>
			<key>outputPaths</key>
			<array/>
			<key>runOnlyForDeploymentPostprocessing</key>
			<string>0</string>
			<key>shellPath</key>
			<string>/bin/sh</string>
			<key>shellScript</key>
			<string>diff "${PODS_ROOT}/../Podfile.lock" "${PODS_ROOT}/Manifest.lock" &gt; /dev/null
if [[ $? != 0 ]] ; then
    cat &lt;&lt; EOM
error: The sandbox is not in sync with the Podfile.lock. Run 'pod install' or update your CocoaPods installation.
EOM
    exit 1
fi
</string>
			<key>showEnvVarsInLog</key>
			<string>0</string>
		</dict>
		<key>62DDE946D8F7A11FD99BB0E5</key>
		<dict>
			<key>includeInIndex</key>
			<string>1</string>
			<key>isa</key>
			<string>PBXFileReference</string>
			<key>lastKnownFileType</key>
			<string>text.xcconfig</string>
			<key>name</key>
			<string>Pods-RxFlowTests.release.xcconfig</string>
			<key>path</key>
			<string>Pods/Target Support Files/Pods-RxFlowTests/Pods-RxFlowTests.release.xcconfig</string>
			<key>sourceTree</key>
			<string>&lt;group&gt;</string>
		</dict>
		<key>630F49903EF56625A7BB70A8</key>
		<dict>
			<key>explicitFileType</key>
			<string>wrapper.framework</string>
			<key>includeInIndex</key>
			<string>0</string>
			<key>isa</key>
			<string>PBXFileReference</string>
			<key>path</key>
			<string>Pods_RxFlow_RxFlowTests.framework</string>
			<key>sourceTree</key>
			<string>BUILT_PRODUCTS_DIR</string>
		</dict>
		<key>83B992FD0C21B9A03E2B976D</key>
		<dict>
			<key>includeInIndex</key>
			<string>1</string>
			<key>isa</key>
			<string>PBXFileReference</string>
			<key>lastKnownFileType</key>
			<string>text.xcconfig</string>
			<key>name</key>
			<string>Pods-RxFlowTests.debug.xcconfig</string>
			<key>path</key>
			<string>Pods/Target Support Files/Pods-RxFlowTests/Pods-RxFlowTests.debug.xcconfig</string>
			<key>sourceTree</key>
			<string>&lt;group&gt;</string>
		</dict>
		<key>908F7BC5563A17EB2099D45B</key>
		<dict>
			<key>buildActionMask</key>
			<string>2147483647</string>
			<key>files</key>
			<array/>
			<key>inputPaths</key>
			<array/>
			<key>isa</key>
			<string>PBXShellScriptBuildPhase</string>
			<key>name</key>
			<string>Copy Pods Resources</string>
			<key>outputPaths</key>
			<array/>
			<key>runOnlyForDeploymentPostprocessing</key>
			<string>0</string>
			<key>shellPath</key>
			<string>/bin/sh</string>
			<key>shellScript</key>
			<string>"${SRCROOT}/Pods/Target Support Files/Pods-RxFlow/Pods-RxFlow-resources.sh"
</string>
			<key>showEnvVarsInLog</key>
			<string>0</string>
		</dict>
		<key>9A40DBDB683D9AC7ADC7E128</key>
		<dict>
			<key>fileRef</key>
			<string>190147F89619D7690AE8111C</string>
			<key>isa</key>
			<string>PBXBuildFile</string>
		</dict>
		<key>A90A11E63874194EB26DF559</key>
		<dict>
			<key>explicitFileType</key>
			<string>wrapper.framework</string>
			<key>includeInIndex</key>
			<string>0</string>
			<key>isa</key>
			<string>PBXFileReference</string>
			<key>path</key>
			<string>Pods_RxFlow.framework</string>
			<key>sourceTree</key>
			<string>BUILT_PRODUCTS_DIR</string>
		</dict>
		<key>B32DBF763C90DA6C4EA09CE3</key>
		<dict>
			<key>children</key>
			<array>
				<string>A90A11E63874194EB26DF559</string>
				<string>190147F89619D7690AE8111C</string>
				<string>630F49903EF56625A7BB70A8</string>
			</array>
			<key>isa</key>
			<string>PBXGroup</string>
			<key>name</key>
			<string>Frameworks</string>
			<key>sourceTree</key>
			<string>&lt;group&gt;</string>
		</dict>
		<key>C50A5B8392BFC944C08F73FC</key>
		<dict>
			<key>fileRef</key>
			<string>630F49903EF56625A7BB70A8</string>
			<key>isa</key>
			<string>PBXBuildFile</string>
		</dict>
		<key>CD6D1FBDFB6456C4DD29A348</key>
		<dict>
			<key>includeInIndex</key>
			<string>1</string>
			<key>isa</key>
			<string>PBXFileReference</string>
			<key>lastKnownFileType</key>
			<string>text.xcconfig</string>
			<key>name</key>
			<string>Pods-RxFlow-RxFlowTests.debug.xcconfig</string>
			<key>path</key>
			<string>Pods/Target Support Files/Pods-RxFlow-RxFlowTests/Pods-RxFlow-RxFlowTests.debug.xcconfig</string>
			<key>sourceTree</key>
			<string>&lt;group&gt;</string>
		</dict>
		<key>D95CA582479F72E6C02CA983</key>
		<dict>
			<key>children</key>
			<array>
				<string>4D44F3C479C23F8C2CE24004</string>
				<string>123698FF518845EDEF4D3866</string>
				<string>83B992FD0C21B9A03E2B976D</string>
				<string>62DDE946D8F7A11FD99BB0E5</string>
				<string>CD6D1FBDFB6456C4DD29A348</string>
				<string>FD254D9137D3469AC90D0589</string>
			</array>
			<key>isa</key>
			<string>PBXGroup</string>
			<key>name</key>
			<string>Pods</string>
			<key>sourceTree</key>
			<string>&lt;group&gt;</string>
		</dict>
		<key>F80FE8471C73C8DB0067E5FD</key>
		<dict>
			<key>fileEncoding</key>
			<string>4</string>
			<key>isa</key>
			<string>PBXFileReference</string>
			<key>lastKnownFileType</key>
			<string>sourcecode.swift</string>
			<key>path</key>
			<string>Flow.swift</string>
			<key>sourceTree</key>
			<string>&lt;group&gt;</string>
		</dict>
		<key>F80FE8481C73C8DB0067E5FD</key>
		<dict>
			<key>fileEncoding</key>
			<string>4</string>
			<key>isa</key>
			<string>PBXFileReference</string>
			<key>lastKnownFileType</key>
			<string>sourcecode.swift</string>
			<key>path</key>
			<string>Request.swift</string>
			<key>sourceTree</key>
			<string>&lt;group&gt;</string>
		</dict>
		<key>F80FE8491C73C8DB0067E5FD</key>
		<dict>
			<key>fileEncoding</key>
			<string>4</string>
			<key>isa</key>
			<string>PBXFileReference</string>
			<key>lastKnownFileType</key>
			<string>sourcecode.swift</string>
			<key>path</key>
			<string>Response.swift</string>
			<key>sourceTree</key>
			<string>&lt;group&gt;</string>
		</dict>
		<key>F80FE84A1C73C8DB0067E5FD</key>
		<dict>
			<key>fileEncoding</key>
			<string>4</string>
			<key>isa</key>
			<string>PBXFileReference</string>
			<key>lastKnownFileType</key>
			<string>sourcecode.swift</string>
			<key>path</key>
			<string>Result.swift</string>
			<key>sourceTree</key>
			<string>&lt;group&gt;</string>
		</dict>
		<key>F80FE84B1C73C8DB0067E5FD</key>
		<dict>
			<key>fileEncoding</key>
			<string>4</string>
			<key>isa</key>
			<string>PBXFileReference</string>
			<key>lastKnownFileType</key>
			<string>sourcecode.swift</string>
			<key>path</key>
			<string>Target.swift</string>
			<key>sourceTree</key>
			<string>&lt;group&gt;</string>
		</dict>
		<key>F80FE84C1C73C8DB0067E5FD</key>
		<dict>
			<key>fileRef</key>
			<string>F80FE8471C73C8DB0067E5FD</string>
			<key>isa</key>
			<string>PBXBuildFile</string>
		</dict>
		<key>F80FE84D1C73C8DB0067E5FD</key>
		<dict>
			<key>fileRef</key>
			<string>F80FE8471C73C8DB0067E5FD</string>
			<key>isa</key>
			<string>PBXBuildFile</string>
		</dict>
		<key>F80FE84E1C73C8DB0067E5FD</key>
		<dict>
			<key>fileRef</key>
			<string>F80FE8481C73C8DB0067E5FD</string>
			<key>isa</key>
			<string>PBXBuildFile</string>
		</dict>
		<key>F80FE84F1C73C8DB0067E5FD</key>
		<dict>
			<key>fileRef</key>
			<string>F80FE8481C73C8DB0067E5FD</string>
			<key>isa</key>
			<string>PBXBuildFile</string>
		</dict>
		<key>F80FE8501C73C8DB0067E5FD</key>
		<dict>
			<key>fileRef</key>
			<string>F80FE8491C73C8DB0067E5FD</string>
			<key>isa</key>
			<string>PBXBuildFile</string>
		</dict>
		<key>F80FE8511C73C8DB0067E5FD</key>
		<dict>
			<key>fileRef</key>
			<string>F80FE8491C73C8DB0067E5FD</string>
			<key>isa</key>
			<string>PBXBuildFile</string>
		</dict>
		<key>F80FE8521C73C8DB0067E5FD</key>
		<dict>
			<key>fileRef</key>
			<string>F80FE84A1C73C8DB0067E5FD</string>
			<key>isa</key>
			<string>PBXBuildFile</string>
		</dict>
		<key>F80FE8531C73C8DB0067E5FD</key>
		<dict>
			<key>fileRef</key>
			<string>F80FE84A1C73C8DB0067E5FD</string>
			<key>isa</key>
			<string>PBXBuildFile</string>
		</dict>
		<key>F80FE8541C73C8DB0067E5FD</key>
		<dict>
			<key>fileRef</key>
			<string>F80FE84B1C73C8DB0067E5FD</string>
			<key>isa</key>
			<string>PBXBuildFile</string>
		</dict>
		<key>F80FE8551C73C8DB0067E5FD</key>
		<dict>
			<key>fileRef</key>
			<string>F80FE84B1C73C8DB0067E5FD</string>
			<key>isa</key>
			<string>PBXBuildFile</string>
		</dict>
		<key>F8B497541C73C84A00BC6B8E</key>
		<dict>
			<key>children</key>
			<array>
				<string>F8B497601C73C84A00BC6B8E</string>
				<string>F8B4976C1C73C84A00BC6B8E</string>
				<string>F8B4975F1C73C84A00BC6B8E</string>
				<string>D95CA582479F72E6C02CA983</string>
				<string>B32DBF763C90DA6C4EA09CE3</string>
			</array>
			<key>isa</key>
			<string>PBXGroup</string>
			<key>sourceTree</key>
			<string>&lt;group&gt;</string>
		</dict>
		<key>F8B497551C73C84A00BC6B8E</key>
		<dict>
			<key>attributes</key>
			<dict>
				<key>LastSwiftUpdateCheck</key>
				<string>0720</string>
				<key>LastUpgradeCheck</key>
				<string>0720</string>
				<key>ORGANIZATIONNAME</key>
				<string>CoreDev</string>
				<key>TargetAttributes</key>
				<dict>
					<key>F8B4975D1C73C84A00BC6B8E</key>
					<dict>
						<key>CreatedOnToolsVersion</key>
						<string>7.2.1</string>
					</dict>
					<key>F8B497671C73C84A00BC6B8E</key>
					<dict>
						<key>CreatedOnToolsVersion</key>
						<string>7.2.1</string>
					</dict>
				</dict>
			</dict>
			<key>buildConfigurationList</key>
			<string>F8B497581C73C84A00BC6B8E</string>
			<key>compatibilityVersion</key>
			<string>Xcode 3.2</string>
			<key>developmentRegion</key>
			<string>English</string>
			<key>hasScannedForEncodings</key>
			<string>0</string>
			<key>isa</key>
			<string>PBXProject</string>
			<key>knownRegions</key>
			<array>
				<string>en</string>
			</array>
			<key>mainGroup</key>
			<string>F8B497541C73C84A00BC6B8E</string>
			<key>productRefGroup</key>
			<string>F8B4975F1C73C84A00BC6B8E</string>
			<key>projectDirPath</key>
			<string></string>
			<key>projectReferences</key>
			<array/>
			<key>projectRoot</key>
			<string></string>
			<key>targets</key>
			<array>
				<string>F8B4975D1C73C84A00BC6B8E</string>
				<string>F8B497671C73C84A00BC6B8E</string>
			</array>
		</dict>
		<key>F8B497581C73C84A00BC6B8E</key>
		<dict>
			<key>buildConfigurations</key>
			<array>
				<string>F8B497701C73C84A00BC6B8E</string>
				<string>F8B497711C73C84A00BC6B8E</string>
			</array>
			<key>defaultConfigurationIsVisible</key>
			<string>0</string>
			<key>defaultConfigurationName</key>
			<string>Release</string>
			<key>isa</key>
			<string>XCConfigurationList</string>
		</dict>
		<key>F8B497591C73C84A00BC6B8E</key>
		<dict>
			<key>buildActionMask</key>
			<string>2147483647</string>
			<key>files</key>
			<array>
				<string>F80FE84C1C73C8DB0067E5FD</string>
				<string>F80FE8501C73C8DB0067E5FD</string>
				<string>F80FE8521C73C8DB0067E5FD</string>
				<string>F80FE84E1C73C8DB0067E5FD</string>
				<string>F80FE8541C73C8DB0067E5FD</string>
			</array>
			<key>isa</key>
			<string>PBXSourcesBuildPhase</string>
			<key>runOnlyForDeploymentPostprocessing</key>
			<string>0</string>
		</dict>
		<key>F8B4975A1C73C84A00BC6B8E</key>
		<dict>
			<key>buildActionMask</key>
			<string>2147483647</string>
			<key>files</key>
			<array>
				<string>508DE7517922A751D16DCC7F</string>
			</array>
			<key>isa</key>
			<string>PBXFrameworksBuildPhase</string>
			<key>runOnlyForDeploymentPostprocessing</key>
			<string>0</string>
		</dict>
		<key>F8B4975B1C73C84A00BC6B8E</key>
		<dict>
			<key>buildActionMask</key>
			<string>2147483647</string>
			<key>files</key>
			<array>
				<string>F8B497621C73C84A00BC6B8E</string>
			</array>
			<key>isa</key>
			<string>PBXHeadersBuildPhase</string>
			<key>runOnlyForDeploymentPostprocessing</key>
			<string>0</string>
		</dict>
		<key>F8B4975C1C73C84A00BC6B8E</key>
		<dict>
			<key>buildActionMask</key>
			<string>2147483647</string>
			<key>files</key>
			<array/>
			<key>isa</key>
			<string>PBXResourcesBuildPhase</string>
			<key>runOnlyForDeploymentPostprocessing</key>
			<string>0</string>
		</dict>
		<key>F8B4975D1C73C84A00BC6B8E</key>
		<dict>
			<key>buildConfigurationList</key>
			<string>F8B497721C73C84A00BC6B8E</string>
			<key>buildPhases</key>
			<array>
				<string>52EF1F7FB347757A3FE517BF</string>
				<string>F8B497591C73C84A00BC6B8E</string>
				<string>F8B4975A1C73C84A00BC6B8E</string>
				<string>F8B4975B1C73C84A00BC6B8E</string>
				<string>F8B4975C1C73C84A00BC6B8E</string>
				<string>908F7BC5563A17EB2099D45B</string>
			</array>
			<key>buildRules</key>
			<array/>
			<key>dependencies</key>
			<array/>
			<key>isa</key>
			<string>PBXNativeTarget</string>
			<key>name</key>
			<string>RxFlow</string>
			<key>productName</key>
			<string>RxFlow</string>
			<key>productReference</key>
			<string>F8B4975E1C73C84A00BC6B8E</string>
			<key>productType</key>
			<string>com.apple.product-type.framework</string>
		</dict>
		<key>F8B4975E1C73C84A00BC6B8E</key>
		<dict>
			<key>explicitFileType</key>
			<string>wrapper.framework</string>
			<key>includeInIndex</key>
			<string>0</string>
			<key>isa</key>
			<string>PBXFileReference</string>
			<key>path</key>
			<string>RxFlow.framework</string>
			<key>sourceTree</key>
			<string>BUILT_PRODUCTS_DIR</string>
		</dict>
		<key>F8B4975F1C73C84A00BC6B8E</key>
		<dict>
			<key>children</key>
			<array>
				<string>F8B4975E1C73C84A00BC6B8E</string>
				<string>F8B497681C73C84A00BC6B8E</string>
			</array>
			<key>isa</key>
			<string>PBXGroup</string>
			<key>name</key>
			<string>Products</string>
			<key>sourceTree</key>
			<string>&lt;group&gt;</string>
		</dict>
		<key>F8B497601C73C84A00BC6B8E</key>
		<dict>
			<key>children</key>
			<array>
				<string>F80FE8471C73C8DB0067E5FD</string>
				<string>F80FE8481C73C8DB0067E5FD</string>
				<string>F80FE8491C73C8DB0067E5FD</string>
				<string>F80FE84A1C73C8DB0067E5FD</string>
				<string>F80FE84B1C73C8DB0067E5FD</string>
				<string>F8B497611C73C84A00BC6B8E</string>
				<string>F8B497631C73C84A00BC6B8E</string>
			</array>
			<key>isa</key>
			<string>PBXGroup</string>
			<key>path</key>
			<string>RxFlow</string>
			<key>sourceTree</key>
			<string>&lt;group&gt;</string>
		</dict>
		<key>F8B497611C73C84A00BC6B8E</key>
		<dict>
			<key>isa</key>
			<string>PBXFileReference</string>
			<key>lastKnownFileType</key>
			<string>sourcecode.c.h</string>
			<key>path</key>
			<string>RxFlow.h</string>
			<key>sourceTree</key>
			<string>&lt;group&gt;</string>
		</dict>
		<key>F8B497621C73C84A00BC6B8E</key>
		<dict>
			<key>fileRef</key>
			<string>F8B497611C73C84A00BC6B8E</string>
			<key>isa</key>
			<string>PBXBuildFile</string>
			<key>settings</key>
			<dict>
				<key>ATTRIBUTES</key>
				<array>
					<string>Public</string>
				</array>
			</dict>
		</dict>
		<key>F8B497631C73C84A00BC6B8E</key>
		<dict>
			<key>isa</key>
			<string>PBXFileReference</string>
			<key>lastKnownFileType</key>
			<string>text.plist.xml</string>
			<key>path</key>
			<string>Info.plist</string>
			<key>sourceTree</key>
			<string>&lt;group&gt;</string>
		</dict>
		<key>F8B497641C73C84A00BC6B8E</key>
		<dict>
			<key>buildActionMask</key>
			<string>2147483647</string>
			<key>files</key>
			<array>
				<string>F80FE8551C73C8DB0067E5FD</string>
				<string>F80FE8511C73C8DB0067E5FD</string>
				<string>F80FE8531C73C8DB0067E5FD</string>
				<string>F8B4976E1C73C84A00BC6B8E</string>
				<string>F80FE84F1C73C8DB0067E5FD</string>
				<string>F80FE84D1C73C8DB0067E5FD</string>
			</array>
			<key>isa</key>
			<string>PBXSourcesBuildPhase</string>
			<key>runOnlyForDeploymentPostprocessing</key>
			<string>0</string>
		</dict>
		<key>F8B497651C73C84A00BC6B8E</key>
		<dict>
			<key>buildActionMask</key>
			<string>2147483647</string>
			<key>files</key>
			<array>
				<string>F8B497691C73C84A00BC6B8E</string>
				<string>9A40DBDB683D9AC7ADC7E128</string>
				<string>C50A5B8392BFC944C08F73FC</string>
			</array>
			<key>isa</key>
			<string>PBXFrameworksBuildPhase</string>
			<key>runOnlyForDeploymentPostprocessing</key>
			<string>0</string>
		</dict>
		<key>F8B497661C73C84A00BC6B8E</key>
		<dict>
			<key>buildActionMask</key>
			<string>2147483647</string>
			<key>files</key>
			<array/>
			<key>isa</key>
			<string>PBXResourcesBuildPhase</string>
			<key>runOnlyForDeploymentPostprocessing</key>
			<string>0</string>
		</dict>
		<key>F8B497671C73C84A00BC6B8E</key>
		<dict>
			<key>buildConfigurationList</key>
			<string>F8B497751C73C84A00BC6B8E</string>
			<key>buildPhases</key>
			<array>
				<string>3D3EAB577C4ABDAA4765E47C</string>
				<string>F8B497641C73C84A00BC6B8E</string>
				<string>F8B497651C73C84A00BC6B8E</string>
				<string>F8B497661C73C84A00BC6B8E</string>
				<string>430683B16FEA54CAE8A5561E</string>
				<string>241B90E892D129E76FC8E936</string>
			</array>
			<key>buildRules</key>
			<array/>
			<key>dependencies</key>
			<array>
				<string>F8B4976B1C73C84A00BC6B8E</string>
			</array>
			<key>isa</key>
			<string>PBXNativeTarget</string>
			<key>name</key>
			<string>RxFlowTests</string>
			<key>productName</key>
			<string>RxFlowTests</string>
			<key>productReference</key>
			<string>F8B497681C73C84A00BC6B8E</string>
			<key>productType</key>
			<string>com.apple.product-type.bundle.unit-test</string>
		</dict>
		<key>F8B497681C73C84A00BC6B8E</key>
		<dict>
			<key>explicitFileType</key>
			<string>wrapper.cfbundle</string>
			<key>includeInIndex</key>
			<string>0</string>
			<key>isa</key>
			<string>PBXFileReference</string>
			<key>path</key>
			<string>RxFlowTests.xctest</string>
			<key>sourceTree</key>
			<string>BUILT_PRODUCTS_DIR</string>
		</dict>
		<key>F8B497691C73C84A00BC6B8E</key>
		<dict>
			<key>fileRef</key>
			<string>F8B4975E1C73C84A00BC6B8E</string>
			<key>isa</key>
			<string>PBXBuildFile</string>
		</dict>
		<key>F8B4976A1C73C84A00BC6B8E</key>
		<dict>
			<key>containerPortal</key>
			<string>F8B497551C73C84A00BC6B8E</string>
			<key>isa</key>
			<string>PBXContainerItemProxy</string>
			<key>proxyType</key>
			<string>1</string>
			<key>remoteGlobalIDString</key>
			<string>F8B4975D1C73C84A00BC6B8E</string>
			<key>remoteInfo</key>
			<string>RxFlow</string>
		</dict>
		<key>F8B4976B1C73C84A00BC6B8E</key>
		<dict>
			<key>isa</key>
			<string>PBXTargetDependency</string>
			<key>target</key>
			<string>F8B4975D1C73C84A00BC6B8E</string>
			<key>targetProxy</key>
			<string>F8B4976A1C73C84A00BC6B8E</string>
		</dict>
		<key>F8B4976C1C73C84A00BC6B8E</key>
		<dict>
			<key>children</key>
			<array>
				<string>F8B4976D1C73C84A00BC6B8E</string>
				<string>F8B4976F1C73C84A00BC6B8E</string>
			</array>
			<key>isa</key>
			<string>PBXGroup</string>
			<key>path</key>
			<string>RxFlowTests</string>
			<key>sourceTree</key>
			<string>&lt;group&gt;</string>
		</dict>
		<key>F8B4976D1C73C84A00BC6B8E</key>
		<dict>
			<key>isa</key>
			<string>PBXFileReference</string>
			<key>lastKnownFileType</key>
			<string>sourcecode.swift</string>
			<key>path</key>
			<string>RxFlowTests.swift</string>
			<key>sourceTree</key>
			<string>&lt;group&gt;</string>
		</dict>
		<key>F8B4976E1C73C84A00BC6B8E</key>
		<dict>
			<key>fileRef</key>
			<string>F8B4976D1C73C84A00BC6B8E</string>
			<key>isa</key>
			<string>PBXBuildFile</string>
		</dict>
		<key>F8B4976F1C73C84A00BC6B8E</key>
		<dict>
			<key>isa</key>
			<string>PBXFileReference</string>
			<key>lastKnownFileType</key>
			<string>text.plist.xml</string>
			<key>path</key>
			<string>Info.plist</string>
			<key>sourceTree</key>
			<string>&lt;group&gt;</string>
		</dict>
		<key>F8B497701C73C84A00BC6B8E</key>
		<dict>
			<key>buildSettings</key>
			<dict>
				<key>ALWAYS_SEARCH_USER_PATHS</key>
				<string>NO</string>
				<key>CLANG_CXX_LANGUAGE_STANDARD</key>
				<string>gnu++0x</string>
				<key>CLANG_CXX_LIBRARY</key>
				<string>libc++</string>
				<key>CLANG_ENABLE_MODULES</key>
				<string>YES</string>
				<key>CLANG_ENABLE_OBJC_ARC</key>
				<string>YES</string>
				<key>CLANG_WARN_BOOL_CONVERSION</key>
				<string>YES</string>
				<key>CLANG_WARN_CONSTANT_CONVERSION</key>
				<string>YES</string>
				<key>CLANG_WARN_DIRECT_OBJC_ISA_USAGE</key>
				<string>YES_ERROR</string>
				<key>CLANG_WARN_EMPTY_BODY</key>
				<string>YES</string>
				<key>CLANG_WARN_ENUM_CONVERSION</key>
				<string>YES</string>
				<key>CLANG_WARN_INT_CONVERSION</key>
				<string>YES</string>
				<key>CLANG_WARN_OBJC_ROOT_CLASS</key>
				<string>YES_ERROR</string>
				<key>CLANG_WARN_UNREACHABLE_CODE</key>
				<string>YES</string>
				<key>CLANG_WARN__DUPLICATE_METHOD_MATCH</key>
				<string>YES</string>
				<key>CODE_SIGN_IDENTITY[sdk=iphoneos*]</key>
				<string>iPhone Developer</string>
				<key>COPY_PHASE_STRIP</key>
				<string>NO</string>
				<key>CURRENT_PROJECT_VERSION</key>
				<string>1</string>
				<key>DEBUG_INFORMATION_FORMAT</key>
				<string>dwarf</string>
				<key>ENABLE_STRICT_OBJC_MSGSEND</key>
				<string>YES</string>
				<key>ENABLE_TESTABILITY</key>
				<string>YES</string>
				<key>GCC_C_LANGUAGE_STANDARD</key>
				<string>gnu99</string>
				<key>GCC_DYNAMIC_NO_PIC</key>
				<string>NO</string>
				<key>GCC_NO_COMMON_BLOCKS</key>
				<string>YES</string>
				<key>GCC_OPTIMIZATION_LEVEL</key>
				<string>0</string>
				<key>GCC_PREPROCESSOR_DEFINITIONS</key>
				<array>
					<string>DEBUG=1</string>
					<string>$(inherited)</string>
				</array>
				<key>GCC_WARN_64_TO_32_BIT_CONVERSION</key>
				<string>YES</string>
				<key>GCC_WARN_ABOUT_RETURN_TYPE</key>
				<string>YES_ERROR</string>
				<key>GCC_WARN_UNDECLARED_SELECTOR</key>
				<string>YES</string>
				<key>GCC_WARN_UNINITIALIZED_AUTOS</key>
				<string>YES_AGGRESSIVE</string>
				<key>GCC_WARN_UNUSED_FUNCTION</key>
				<string>YES</string>
				<key>GCC_WARN_UNUSED_VARIABLE</key>
				<string>YES</string>
				<key>IPHONEOS_DEPLOYMENT_TARGET</key>
				<string>9.2</string>
				<key>MTL_ENABLE_DEBUG_INFO</key>
				<string>YES</string>
				<key>ONLY_ACTIVE_ARCH</key>
				<string>YES</string>
				<key>SDKROOT</key>
				<string>iphoneos</string>
				<key>SWIFT_OPTIMIZATION_LEVEL</key>
				<string>-Onone</string>
				<key>TARGETED_DEVICE_FAMILY</key>
				<string>1,2</string>
				<key>VERSIONING_SYSTEM</key>
				<string>apple-generic</string>
				<key>VERSION_INFO_PREFIX</key>
				<string></string>
			</dict>
			<key>isa</key>
			<string>XCBuildConfiguration</string>
			<key>name</key>
			<string>Debug</string>
		</dict>
		<key>F8B497711C73C84A00BC6B8E</key>
		<dict>
			<key>buildSettings</key>
			<dict>
				<key>ALWAYS_SEARCH_USER_PATHS</key>
				<string>NO</string>
				<key>CLANG_CXX_LANGUAGE_STANDARD</key>
				<string>gnu++0x</string>
				<key>CLANG_CXX_LIBRARY</key>
				<string>libc++</string>
				<key>CLANG_ENABLE_MODULES</key>
				<string>YES</string>
				<key>CLANG_ENABLE_OBJC_ARC</key>
				<string>YES</string>
				<key>CLANG_WARN_BOOL_CONVERSION</key>
				<string>YES</string>
				<key>CLANG_WARN_CONSTANT_CONVERSION</key>
				<string>YES</string>
				<key>CLANG_WARN_DIRECT_OBJC_ISA_USAGE</key>
				<string>YES_ERROR</string>
				<key>CLANG_WARN_EMPTY_BODY</key>
				<string>YES</string>
				<key>CLANG_WARN_ENUM_CONVERSION</key>
				<string>YES</string>
				<key>CLANG_WARN_INT_CONVERSION</key>
				<string>YES</string>
				<key>CLANG_WARN_OBJC_ROOT_CLASS</key>
				<string>YES_ERROR</string>
				<key>CLANG_WARN_UNREACHABLE_CODE</key>
				<string>YES</string>
				<key>CLANG_WARN__DUPLICATE_METHOD_MATCH</key>
				<string>YES</string>
				<key>CODE_SIGN_IDENTITY[sdk=iphoneos*]</key>
				<string>iPhone Developer</string>
				<key>COPY_PHASE_STRIP</key>
				<string>NO</string>
				<key>CURRENT_PROJECT_VERSION</key>
				<string>1</string>
				<key>DEBUG_INFORMATION_FORMAT</key>
				<string>dwarf-with-dsym</string>
				<key>ENABLE_NS_ASSERTIONS</key>
				<string>NO</string>
				<key>ENABLE_STRICT_OBJC_MSGSEND</key>
				<string>YES</string>
				<key>GCC_C_LANGUAGE_STANDARD</key>
				<string>gnu99</string>
				<key>GCC_NO_COMMON_BLOCKS</key>
				<string>YES</string>
				<key>GCC_WARN_64_TO_32_BIT_CONVERSION</key>
				<string>YES</string>
				<key>GCC_WARN_ABOUT_RETURN_TYPE</key>
				<string>YES_ERROR</string>
				<key>GCC_WARN_UNDECLARED_SELECTOR</key>
				<string>YES</string>
				<key>GCC_WARN_UNINITIALIZED_AUTOS</key>
				<string>YES_AGGRESSIVE</string>
				<key>GCC_WARN_UNUSED_FUNCTION</key>
				<string>YES</string>
				<key>GCC_WARN_UNUSED_VARIABLE</key>
				<string>YES</string>
				<key>IPHONEOS_DEPLOYMENT_TARGET</key>
				<string>9.2</string>
				<key>MTL_ENABLE_DEBUG_INFO</key>
				<string>NO</string>
				<key>SDKROOT</key>
				<string>iphoneos</string>
				<key>TARGETED_DEVICE_FAMILY</key>
				<string>1,2</string>
				<key>VALIDATE_PRODUCT</key>
				<string>YES</string>
				<key>VERSIONING_SYSTEM</key>
				<string>apple-generic</string>
				<key>VERSION_INFO_PREFIX</key>
				<string></string>
			</dict>
			<key>isa</key>
			<string>XCBuildConfiguration</string>
			<key>name</key>
			<string>Release</string>
		</dict>
		<key>F8B497721C73C84A00BC6B8E</key>
		<dict>
			<key>buildConfigurations</key>
			<array>
				<string>F8B497731C73C84A00BC6B8E</string>
				<string>F8B497741C73C84A00BC6B8E</string>
			</array>
			<key>defaultConfigurationIsVisible</key>
			<string>0</string>
			<key>defaultConfigurationName</key>
			<string>Release</string>
			<key>isa</key>
			<string>XCConfigurationList</string>
		</dict>
		<key>F8B497731C73C84A00BC6B8E</key>
		<dict>
			<key>baseConfigurationReference</key>
			<string>4D44F3C479C23F8C2CE24004</string>
			<key>buildSettings</key>
			<dict>
				<key>CLANG_ENABLE_MODULES</key>
				<string>YES</string>
				<key>DEFINES_MODULE</key>
				<string>YES</string>
				<key>DYLIB_COMPATIBILITY_VERSION</key>
				<string>1</string>
				<key>DYLIB_CURRENT_VERSION</key>
				<string>1</string>
				<key>DYLIB_INSTALL_NAME_BASE</key>
				<string>@rpath</string>
				<key>INFOPLIST_FILE</key>
				<string>RxFlow/Info.plist</string>
				<key>INSTALL_PATH</key>
				<string>$(LOCAL_LIBRARY_DIR)/Frameworks</string>
				<key>LD_RUNPATH_SEARCH_PATHS</key>
				<string>$(inherited) @executable_path/Frameworks @loader_path/Frameworks</string>
				<key>PRODUCT_BUNDLE_IDENTIFIER</key>
				<string>se.coredev.RxFlow</string>
				<key>PRODUCT_NAME</key>
				<string>$(TARGET_NAME)</string>
				<key>SKIP_INSTALL</key>
				<string>YES</string>
				<key>SWIFT_OPTIMIZATION_LEVEL</key>
				<string>-Onone</string>
			</dict>
			<key>isa</key>
			<string>XCBuildConfiguration</string>
			<key>name</key>
			<string>Debug</string>
		</dict>
		<key>F8B497741C73C84A00BC6B8E</key>
		<dict>
			<key>baseConfigurationReference</key>
			<string>123698FF518845EDEF4D3866</string>
			<key>buildSettings</key>
			<dict>
				<key>CLANG_ENABLE_MODULES</key>
				<string>YES</string>
				<key>DEFINES_MODULE</key>
				<string>YES</string>
				<key>DYLIB_COMPATIBILITY_VERSION</key>
				<string>1</string>
				<key>DYLIB_CURRENT_VERSION</key>
				<string>1</string>
				<key>DYLIB_INSTALL_NAME_BASE</key>
				<string>@rpath</string>
				<key>INFOPLIST_FILE</key>
				<string>RxFlow/Info.plist</string>
				<key>INSTALL_PATH</key>
				<string>$(LOCAL_LIBRARY_DIR)/Frameworks</string>
				<key>LD_RUNPATH_SEARCH_PATHS</key>
				<string>$(inherited) @executable_path/Frameworks @loader_path/Frameworks</string>
				<key>PRODUCT_BUNDLE_IDENTIFIER</key>
				<string>se.coredev.RxFlow</string>
				<key>PRODUCT_NAME</key>
				<string>$(TARGET_NAME)</string>
				<key>SKIP_INSTALL</key>
				<string>YES</string>
			</dict>
			<key>isa</key>
			<string>XCBuildConfiguration</string>
			<key>name</key>
			<string>Release</string>
		</dict>
		<key>F8B497751C73C84A00BC6B8E</key>
		<dict>
			<key>buildConfigurations</key>
			<array>
				<string>F8B497761C73C84A00BC6B8E</string>
				<string>F8B497771C73C84A00BC6B8E</string>
			</array>
			<key>defaultConfigurationIsVisible</key>
			<string>0</string>
			<key>defaultConfigurationName</key>
			<string>Release</string>
			<key>isa</key>
			<string>XCConfigurationList</string>
		</dict>
		<key>F8B497761C73C84A00BC6B8E</key>
		<dict>
			<key>baseConfigurationReference</key>
			<string>83B992FD0C21B9A03E2B976D</string>
			<key>buildSettings</key>
			<dict>
				<key>INFOPLIST_FILE</key>
				<string>RxFlowTests/Info.plist</string>
				<key>LD_RUNPATH_SEARCH_PATHS</key>
				<string>$(inherited) @executable_path/Frameworks @loader_path/Frameworks</string>
				<key>PRODUCT_BUNDLE_IDENTIFIER</key>
				<string>se.coredev.RxFlowTests</string>
				<key>PRODUCT_NAME</key>
				<string>$(TARGET_NAME)</string>
			</dict>
			<key>isa</key>
			<string>XCBuildConfiguration</string>
			<key>name</key>
			<string>Debug</string>
		</dict>
		<key>F8B497771C73C84A00BC6B8E</key>
		<dict>
			<key>baseConfigurationReference</key>
			<string>62DDE946D8F7A11FD99BB0E5</string>
			<key>buildSettings</key>
			<dict>
				<key>INFOPLIST_FILE</key>
				<string>RxFlowTests/Info.plist</string>
				<key>LD_RUNPATH_SEARCH_PATHS</key>
				<string>$(inherited) @executable_path/Frameworks @loader_path/Frameworks</string>
				<key>PRODUCT_BUNDLE_IDENTIFIER</key>
				<string>se.coredev.RxFlowTests</string>
				<key>PRODUCT_NAME</key>
				<string>$(TARGET_NAME)</string>
			</dict>
			<key>isa</key>
			<string>XCBuildConfiguration</string>
			<key>name</key>
			<string>Release</string>
		</dict>
		<key>FD254D9137D3469AC90D0589</key>
		<dict>
			<key>includeInIndex</key>
			<string>1</string>
			<key>isa</key>
			<string>PBXFileReference</string>
			<key>lastKnownFileType</key>
			<string>text.xcconfig</string>
			<key>name</key>
			<string>Pods-RxFlow-RxFlowTests.release.xcconfig</string>
			<key>path</key>
			<string>Pods/Target Support Files/Pods-RxFlow-RxFlowTests/Pods-RxFlow-RxFlowTests.release.xcconfig</string>
			<key>sourceTree</key>
			<string>&lt;group&gt;</string>
		</dict>
	</dict>
	<key>rootObject</key>
	<string>F8B497551C73C84A00BC6B8E</string>
</dict>
</plist>
